
Microsoft Visual Studio Solution File, Format Version 12.00
# Visual Studio Version 16
VisualStudioVersion = 16.0.34031.81
MinimumVisualStudioVersion = 10.0.40219.1
Project("{FAE04EC0-301F-11D3-BF4B-00C04F79EFBC}") = "Singleton", "Singleton\Singleton.csproj", "{5EC22E73-0B28-4BF3-B5F5-E2325BA1362D}"
EndProject
Project("{FAE04EC0-301F-11D3-BF4B-00C04F79EFBC}") = "SingletonLibrary", "SingletonLibrary\SingletonLibrary.csproj", "{C889A2ED-9B0E-4D86-8D8D-5589E26AF0FA}"
EndProject
Global
	GlobalSection(SolutionConfigurationPlatforms) = preSolution
		Debug|Any CPU = Debug|Any CPU
		Release|Any CPU = Release|Any CPU
	EndGlobalSection
	GlobalSection(ProjectConfigurationPlatforms) = postSolution
		{5EC22E73-0B28-4BF3-B5F5-E2325BA1362D}.Debug|Any CPU.ActiveCfg = Debug|Any CPU
		{5EC22E73-0B28-4BF3-B5F5-E2325BA1362D}.Debug|Any CPU.Build.0 = Debug|Any CPU
		{5EC22E73-0B28-4BF3-B5F5-E2325BA1362D}.Release|Any CPU.ActiveCfg = Release|Any CPU
		{5EC22E73-0B28-4BF3-B5F5-E2325BA1362D}.Release|Any CPU.Build.0 = Release|Any CPU
		{C889A2ED-9B0E-4D86-8D8D-5589E26AF0FA}.Debug|Any CPU.ActiveCfg = Debug|Any CPU
		{C889A2ED-9B0E-4D86-8D8D-5589E26AF0FA}.Debug|Any CPU.Build.0 = Debug|Any CPU
		{C889A2ED-9B0E-4D86-8D8D-5589E26AF0FA}.Release|Any CPU.ActiveCfg = Release|Any CPU
		{C889A2ED-9B0E-4D86-8D8D-5589E26AF0FA}.Release|Any CPU.Build.0 = Release|Any CPU
	EndGlobalSection
	GlobalSection(SolutionProperties) = preSolution
		HideSolutionNode = FALSE
	EndGlobalSection
	GlobalSection(ExtensibilityGlobals) = postSolution
		SolutionGuid = {426D417E-BB12-4260-9CE1-78FE6B30D954}
	EndGlobalSection
EndGlobal
